
Microsoft Visual Studio Solution File, Format Version 12.00
# Visual Studio Version 16
VisualStudioVersion = 16.0.30320.27
MinimumVisualStudioVersion = 10.0.40219.1
Project("{FAE04EC0-301F-11D3-BF4B-00C04F79EFBC}") = "SearchSample", "SearchSample\SearchSample.csproj", "{3A2973C5-9940-4163-B5FD-534E0C812E74}"
EndProject
Global
	GlobalSection(SolutionConfigurationPlatforms) = preSolution
		Debug|Any CPU = Debug|Any CPU
		Debug32|Any CPU = Debug32|Any CPU
		Release|Any CPU = Release|Any CPU
		Release32|Any CPU = Release32|Any CPU
	EndGlobalSection
	GlobalSection(ProjectConfigurationPlatforms) = postSolution
		{3A2973C5-9940-4163-B5FD-534E0C812E74}.Debug|Any CPU.ActiveCfg = Debug|Any CPU
		{3A2973C5-9940-4163-B5FD-534E0C812E74}.Debug|Any CPU.Build.0 = Debug|Any CPU
		{3A2973C5-9940-4163-B5FD-534E0C812E74}.Debug32|Any CPU.ActiveCfg = Debug32|Any CPU
		{3A2973C5-9940-4163-B5FD-534E0C812E74}.Debug32|Any CPU.Build.0 = Debug32|Any CPU
		{3A2973C5-9940-4163-B5FD-534E0C812E74}.Release|Any CPU.ActiveCfg = Release|Any CPU
		{3A2973C5-9940-4163-B5FD-534E0C812E74}.Release|Any CPU.Build.0 = Release|Any CPU
		{3A2973C5-9940-4163-B5FD-534E0C812E74}.Release32|Any CPU.ActiveCfg = Release32|Any CPU
		{3A2973C5-9940-4163-B5FD-534E0C812E74}.Release32|Any CPU.Build.0 = Release32|Any CPU
	EndGlobalSection
	GlobalSection(SolutionProperties) = preSolution
		HideSolutionNode = FALSE
	EndGlobalSection
	GlobalSection(ExtensibilityGlobals) = postSolution
		SolutionGuid = {D13E0EB0-2AA0-40F8-9D1C-1A7D6C79F3AA}
	EndGlobalSection
EndGlobal
